
Microsoft Visual Studio Solution File, Format Version 12.00
# Visual Studio Version 16
VisualStudioVersion = 16.0.31402.337
MinimumVisualStudioVersion = 10.0.40219.1
Project("{FAE04EC0-301F-11D3-BF4B-00C04F79EFBC}") = "Funtest", "Funtest\Funtest.csproj", "{31E21C54-90D0-459C-919E-478BA6B21962}"
EndProject
Global
	GlobalSection(SolutionConfigurationPlatforms) = preSolution
		Debug|Any CPU = Debug|Any CPU
		Release|Any CPU = Release|Any CPU
	EndGlobalSection
	GlobalSection(ProjectConfigurationPlatforms) = postSolution
		{31E21C54-90D0-459C-919E-478BA6B21962}.Debug|Any CPU.ActiveCfg = Debug|Any CPU
		{31E21C54-90D0-459C-919E-478BA6B21962}.Debug|Any CPU.Build.0 = Debug|Any CPU
		{31E21C54-90D0-459C-919E-478BA6B21962}.Release|Any CPU.ActiveCfg = Release|Any CPU
		{31E21C54-90D0-459C-919E-478BA6B21962}.Release|Any CPU.Build.0 = Release|Any CPU
	EndGlobalSection
	GlobalSection(SolutionProperties) = preSolution
		HideSolutionNode = FALSE
	EndGlobalSection
	GlobalSection(ExtensibilityGlobals) = postSolution
		SolutionGuid = {205ECBBF-E494-4D70-A169-3E0CF71FCFAF}
	EndGlobalSection
EndGlobal
